
Microsoft Visual Studio Solution File, Format Version 12.00
# Visual Studio 14
VisualStudioVersion = 14.0.23107.0
MinimumVisualStudioVersion = 10.0.40219.1
Project("{FAE04EC0-301F-11D3-BF4B-00C04F79EFBC}") = "HortaAutomatizada.Droid", "HortaAutomatizada\HortaAutomatizada.Droid\HortaAutomatizada.Droid.csproj", "{A9E4F28D-D2DF-44EE-9578-108B1D7BED14}"
EndProject
Project("{FAE04EC0-301F-11D3-BF4B-00C04F79EFBC}") = "HortaAutomatizada.iOS", "HortaAutomatizada\HortaAutomatizada.iOS\HortaAutomatizada.iOS.csproj", "{C1A0A737-218B-43D9-8E9A-2FB88F9458DF}"
EndProject
Project("{FAE04EC0-301F-11D3-BF4B-00C04F79EFBC}") = "HortaAutomatizada.WinPhone", "HortaAutomatizada\HortaAutomatizada.WinPhone\HortaAutomatizada.WinPhone.csproj", "{EB98D469-7B2C-4C96-A05C-18B07225A365}"
EndProject
Project("{FAE04EC0-301F-11D3-BF4B-00C04F79EFBC}") = "HortaAutomatizada.Windows", "HortaAutomatizada\HortaAutomatizada.Windows\HortaAutomatizada.Windows.csproj", "{0E44EE81-D2AA-4DF5-8C53-B55F527A9D80}"
EndProject
Project("{FAE04EC0-301F-11D3-BF4B-00C04F79EFBC}") = "HortaAutomatizada", "HortaAutomatizada\HortaAutomatizada\HortaAutomatizada.csproj", "{B76A318E-F3F1-40AF-B68C-92412486361D}"
EndProject
Global
	GlobalSection(SolutionConfigurationPlatforms) = preSolution
		Ad-Hoc|Any CPU = Ad-Hoc|Any CPU
		Ad-Hoc|ARM = Ad-Hoc|ARM
		Ad-Hoc|iPhone = Ad-Hoc|iPhone
		Ad-Hoc|iPhoneSimulator = Ad-Hoc|iPhoneSimulator
		Ad-Hoc|x64 = Ad-Hoc|x64
		Ad-Hoc|x86 = Ad-Hoc|x86
		AppStore|Any CPU = AppStore|Any CPU
		AppStore|ARM = AppStore|ARM
		AppStore|iPhone = AppStore|iPhone
		AppStore|iPhoneSimulator = AppStore|iPhoneSimulator
		AppStore|x64 = AppStore|x64
		AppStore|x86 = AppStore|x86
		Debug|Any CPU = Debug|Any CPU
		Debug|ARM = Debug|ARM
		Debug|iPhone = Debug|iPhone
		Debug|iPhoneSimulator = Debug|iPhoneSimulator
		Debug|x64 = Debug|x64
		Debug|x86 = Debug|x86
		Release|Any CPU = Release|Any CPU
		Release|ARM = Release|ARM
		Release|iPhone = Release|iPhone
		Release|iPhoneSimulator = Release|iPhoneSimulator
		Release|x64 = Release|x64
		Release|x86 = Release|x86
	EndGlobalSection
	GlobalSection(ProjectConfigurationPlatforms) = postSolution
		{A9E4F28D-D2DF-44EE-9578-108B1D7BED14}.Ad-Hoc|Any CPU.ActiveCfg = Release|Any CPU
		{A9E4F28D-D2DF-44EE-9578-108B1D7BED14}.Ad-Hoc|Any CPU.Build.0 = Release|Any CPU
		{A9E4F28D-D2DF-44EE-9578-108B1D7BED14}.Ad-Hoc|Any CPU.Deploy.0 = Release|Any CPU
		{A9E4F28D-D2DF-44EE-9578-108B1D7BED14}.Ad-Hoc|ARM.ActiveCfg = Release|Any CPU
		{A9E4F28D-D2DF-44EE-9578-108B1D7BED14}.Ad-Hoc|ARM.Build.0 = Release|Any CPU
		{A9E4F28D-D2DF-44EE-9578-108B1D7BED14}.Ad-Hoc|ARM.Deploy.0 = Release|Any CPU
		{A9E4F28D-D2DF-44EE-9578-108B1D7BED14}.Ad-Hoc|iPhone.ActiveCfg = Release|Any CPU
		{A9E4F28D-D2DF-44EE-9578-108B1D7BED14}.Ad-Hoc|iPhone.Build.0 = Release|Any CPU
		{A9E4F28D-D2DF-44EE-9578-108B1D7BED14}.Ad-Hoc|iPhone.Deploy.0 = Release|Any CPU
		{A9E4F28D-D2DF-44EE-9578-108B1D7BED14}.Ad-Hoc|iPhoneSimulator.ActiveCfg = Release|Any CPU
		{A9E4F28D-D2DF-44EE-9578-108B1D7BED14}.Ad-Hoc|iPhoneSimulator.Build.0 = Release|Any CPU
		{A9E4F28D-D2DF-44EE-9578-108B1D7BED14}.Ad-Hoc|iPhoneSimulator.Deploy.0 = Release|Any CPU
		{A9E4F28D-D2DF-44EE-9578-108B1D7BED14}.Ad-Hoc|x64.ActiveCfg = Release|Any CPU
		{A9E4F28D-D2DF-44EE-9578-108B1D7BED14}.Ad-Hoc|x64.Build.0 = Release|Any CPU
		{A9E4F28D-D2DF-44EE-9578-108B1D7BED14}.Ad-Hoc|x64.Deploy.0 = Release|Any CPU
		{A9E4F28D-D2DF-44EE-9578-108B1D7BED14}.Ad-Hoc|x86.ActiveCfg = Release|Any CPU
		{A9E4F28D-D2DF-44EE-9578-108B1D7BED14}.Ad-Hoc|x86.Build.0 = Release|Any CPU
		{A9E4F28D-D2DF-44EE-9578-108B1D7BED14}.Ad-Hoc|x86.Deploy.0 = Release|Any CPU
		{A9E4F28D-D2DF-44EE-9578-108B1D7BED14}.AppStore|Any CPU.ActiveCfg = Release|Any CPU
		{A9E4F28D-D2DF-44EE-9578-108B1D7BED14}.AppStore|Any CPU.Build.0 = Release|Any CPU
		{A9E4F28D-D2DF-44EE-9578-108B1D7BED14}.AppStore|Any CPU.Deploy.0 = Release|Any CPU
		{A9E4F28D-D2DF-44EE-9578-108B1D7BED14}.AppStore|ARM.ActiveCfg = Release|Any CPU
		{A9E4F28D-D2DF-44EE-9578-108B1D7BED14}.AppStore|ARM.Build.0 = Release|Any CPU
		{A9E4F28D-D2DF-44EE-9578-108B1D7BED14}.AppStore|ARM.Deploy.0 = Release|Any CPU
		{A9E4F28D-D2DF-44EE-9578-108B1D7BED14}.AppStore|iPhone.ActiveCfg = Release|Any CPU
		{A9E4F28D-D2DF-44EE-9578-108B1D7BED14}.AppStore|iPhone.Build.0 = Release|Any CPU
		{A9E4F28D-D2DF-44EE-9578-108B1D7BED14}.AppStore|iPhone.Deploy.0 = Release|Any CPU
		{A9E4F28D-D2DF-44EE-9578-108B1D7BED14}.AppStore|iPhoneSimulator.ActiveCfg = Release|Any CPU
		{A9E4F28D-D2DF-44EE-9578-108B1D7BED14}.AppStore|iPhoneSimulator.Build.0 = Release|Any CPU
		{A9E4F28D-D2DF-44EE-9578-108B1D7BED14}.AppStore|iPhoneSimulator.Deploy.0 = Release|Any CPU
		{A9E4F28D-D2DF-44EE-9578-108B1D7BED14}.AppStore|x64.ActiveCfg = Release|Any CPU
		{A9E4F28D-D2DF-44EE-9578-108B1D7BED14}.AppStore|x64.Build.0 = Release|Any CPU
		{A9E4F28D-D2DF-44EE-9578-108B1D7BED14}.AppStore|x64.Deploy.0 = Release|Any CPU
		{A9E4F28D-D2DF-44EE-9578-108B1D7BED14}.AppStore|x86.ActiveCfg = Release|Any CPU
		{A9E4F28D-D2DF-44EE-9578-108B1D7BED14}.AppStore|x86.Build.0 = Release|Any CPU
		{A9E4F28D-D2DF-44EE-9578-108B1D7BED14}.AppStore|x86.Deploy.0 = Release|Any CPU
		{A9E4F28D-D2DF-44EE-9578-108B1D7BED14}.Debug|Any CPU.ActiveCfg = Debug|Any CPU
		{A9E4F28D-D2DF-44EE-9578-108B1D7BED14}.Debug|Any CPU.Build.0 = Debug|Any CPU
		{A9E4F28D-D2DF-44EE-9578-108B1D7BED14}.Debug|Any CPU.Deploy.0 = Debug|Any CPU
		{A9E4F28D-D2DF-44EE-9578-108B1D7BED14}.Debug|ARM.ActiveCfg = Debug|Any CPU
		{A9E4F28D-D2DF-44EE-9578-108B1D7BED14}.Debug|ARM.Build.0 = Debug|Any CPU
		{A9E4F28D-D2DF-44EE-9578-108B1D7BED14}.Debug|ARM.Deploy.0 = Debug|Any CPU
		{A9E4F28D-D2DF-44EE-9578-108B1D7BED14}.Debug|iPhone.ActiveCfg = Debug|Any CPU
		{A9E4F28D-D2DF-44EE-9578-108B1D7BED14}.Debug|iPhone.Build.0 = Debug|Any CPU
		{A9E4F28D-D2DF-44EE-9578-108B1D7BED14}.Debug|iPhone.Deploy.0 = Debug|Any CPU
		{A9E4F28D-D2DF-44EE-9578-108B1D7BED14}.Debug|iPhoneSimulator.ActiveCfg = Debug|Any CPU
		{A9E4F28D-D2DF-44EE-9578-108B1D7BED14}.Debug|iPhoneSimulator.Build.0 = Debug|Any CPU
		{A9E4F28D-D2DF-44EE-9578-108B1D7BED14}.Debug|iPhoneSimulator.Deploy.0 = Debug|Any CPU
		{A9E4F28D-D2DF-44EE-9578-108B1D7BED14}.Debug|x64.ActiveCfg = Debug|Any CPU
		{A9E4F28D-D2DF-44EE-9578-108B1D7BED14}.Debug|x64.Build.0 = Debug|Any CPU
		{A9E4F28D-D2DF-44EE-9578-108B1D7BED14}.Debug|x64.Deploy.0 = Debug|Any CPU
		{A9E4F28D-D2DF-44EE-9578-108B1D7BED14}.Debug|x86.ActiveCfg = Debug|Any CPU
		{A9E4F28D-D2DF-44EE-9578-108B1D7BED14}.Debug|x86.Build.0 = Debug|Any CPU
		{A9E4F28D-D2DF-44EE-9578-108B1D7BED14}.Debug|x86.Deploy.0 = Debug|Any CPU
		{A9E4F28D-D2DF-44EE-9578-108B1D7BED14}.Release|Any CPU.ActiveCfg = Release|Any CPU
		{A9E4F28D-D2DF-44EE-9578-108B1D7BED14}.Release|Any CPU.Build.0 = Release|Any CPU
		{A9E4F28D-D2DF-44EE-9578-108B1D7BED14}.Release|Any CPU.Deploy.0 = Release|Any CPU
		{A9E4F28D-D2DF-44EE-9578-108B1D7BED14}.Release|ARM.ActiveCfg = Release|Any CPU
		{A9E4F28D-D2DF-44EE-9578-108B1D7BED14}.Release|ARM.Build.0 = Release|Any CPU
		{A9E4F28D-D2DF-44EE-9578-108B1D7BED14}.Release|ARM.Deploy.0 = Release|Any CPU
		{A9E4F28D-D2DF-44EE-9578-108B1D7BED14}.Release|iPhone.ActiveCfg = Release|Any CPU
		{A9E4F28D-D2DF-44EE-9578-108B1D7BED14}.Release|iPhone.Build.0 = Release|Any CPU
		{A9E4F28D-D2DF-44EE-9578-108B1D7BED14}.Release|iPhone.Deploy.0 = Release|Any CPU
		{A9E4F28D-D2DF-44EE-9578-108B1D7BED14}.Release|iPhoneSimulator.ActiveCfg = Release|Any CPU
		{A9E4F28D-D2DF-44EE-9578-108B1D7BED14}.Release|iPhoneSimulator.Build.0 = Release|Any CPU
		{A9E4F28D-D2DF-44EE-9578-108B1D7BED14}.Release|iPhoneSimulator.Deploy.0 = Release|Any CPU
		{A9E4F28D-D2DF-44EE-9578-108B1D7BED14}.Release|x64.ActiveCfg = Release|Any CPU
		{A9E4F28D-D2DF-44EE-9578-108B1D7BED14}.Release|x64.Build.0 = Release|Any CPU
		{A9E4F28D-D2DF-44EE-9578-108B1D7BED14}.Release|x64.Deploy.0 = Release|Any CPU
		{A9E4F28D-D2DF-44EE-9578-108B1D7BED14}.Release|x86.ActiveCfg = Release|Any CPU
		{A9E4F28D-D2DF-44EE-9578-108B1D7BED14}.Release|x86.Build.0 = Release|Any CPU
		{A9E4F28D-D2DF-44EE-9578-108B1D7BED14}.Release|x86.Deploy.0 = Release|Any CPU
		{C1A0A737-218B-43D9-8E9A-2FB88F9458DF}.Ad-Hoc|Any CPU.ActiveCfg = Ad-Hoc|iPhone
		{C1A0A737-218B-43D9-8E9A-2FB88F9458DF}.Ad-Hoc|ARM.ActiveCfg = Ad-Hoc|iPhone
		{C1A0A737-218B-43D9-8E9A-2FB88F9458DF}.Ad-Hoc|iPhone.ActiveCfg = Ad-Hoc|iPhone
		{C1A0A737-218B-43D9-8E9A-2FB88F9458DF}.Ad-Hoc|iPhone.Build.0 = Ad-Hoc|iPhone
		{C1A0A737-218B-43D9-8E9A-2FB88F9458DF}.Ad-Hoc|iPhoneSimulator.ActiveCfg = Ad-Hoc|iPhoneSimulator
		{C1A0A737-218B-43D9-8E9A-2FB88F9458DF}.Ad-Hoc|iPhoneSimulator.Build.0 = Ad-Hoc|iPhoneSimulator
		{C1A0A737-218B-43D9-8E9A-2FB88F9458DF}.Ad-Hoc|x64.ActiveCfg = Ad-Hoc|iPhone
		{C1A0A737-218B-43D9-8E9A-2FB88F9458DF}.Ad-Hoc|x86.ActiveCfg = Ad-Hoc|iPhone
		{C1A0A737-218B-43D9-8E9A-2FB88F9458DF}.AppStore|Any CPU.ActiveCfg = AppStore|iPhone
		{C1A0A737-218B-43D9-8E9A-2FB88F9458DF}.AppStore|ARM.ActiveCfg = AppStore|iPhone
		{C1A0A737-218B-43D9-8E9A-2FB88F9458DF}.AppStore|iPhone.ActiveCfg = AppStore|iPhone
		{C1A0A737-218B-43D9-8E9A-2FB88F9458DF}.AppStore|iPhone.Build.0 = AppStore|iPhone
		{C1A0A737-218B-43D9-8E9A-2FB88F9458DF}.AppStore|iPhoneSimulator.ActiveCfg = AppStore|iPhoneSimulator
		{C1A0A737-218B-43D9-8E9A-2FB88F9458DF}.AppStore|iPhoneSimulator.Build.0 = AppStore|iPhoneSimulator
		{C1A0A737-218B-43D9-8E9A-2FB88F9458DF}.AppStore|x64.ActiveCfg = AppStore|iPhone
		{C1A0A737-218B-43D9-8E9A-2FB88F9458DF}.AppStore|x86.ActiveCfg = AppStore|iPhone
		{C1A0A737-218B-43D9-8E9A-2FB88F9458DF}.Debug|Any CPU.ActiveCfg = Debug|iPhone
		{C1A0A737-218B-43D9-8E9A-2FB88F9458DF}.Debug|ARM.ActiveCfg = Debug|iPhone
		{C1A0A737-218B-43D9-8E9A-2FB88F9458DF}.Debug|iPhone.ActiveCfg = Debug|iPhone
		{C1A0A737-218B-43D9-8E9A-2FB88F9458DF}.Debug|iPhone.Build.0 = Debug|iPhone
		{C1A0A737-218B-43D9-8E9A-2FB88F9458DF}.Debug|iPhoneSimulator.ActiveCfg = Debug|iPhoneSimulator
		{C1A0A737-218B-43D9-8E9A-2FB88F9458DF}.Debug|iPhoneSimulator.Build.0 = Debug|iPhoneSimulator
		{C1A0A737-218B-43D9-8E9A-2FB88F9458DF}.Debug|x64.ActiveCfg = Debug|iPhone
		{C1A0A737-218B-43D9-8E9A-2FB88F9458DF}.Debug|x86.ActiveCfg = Debug|iPhone
		{C1A0A737-218B-43D9-8E9A-2FB88F9458DF}.Release|Any CPU.ActiveCfg = Release|iPhone
		{C1A0A737-218B-43D9-8E9A-2FB88F9458DF}.Release|ARM.ActiveCfg = Release|iPhone
		{C1A0A737-218B-43D9-8E9A-2FB88F9458DF}.Release|iPhone.ActiveCfg = Release|iPhone
		{C1A0A737-218B-43D9-8E9A-2FB88F9458DF}.Release|iPhone.Build.0 = Release|iPhone
		{C1A0A737-218B-43D9-8E9A-2FB88F9458DF}.Release|iPhoneSimulator.ActiveCfg = Release|iPhoneSimulator
		{C1A0A737-218B-43D9-8E9A-2FB88F9458DF}.Release|iPhoneSimulator.Build.0 = Release|iPhoneSimulator
		{C1A0A737-218B-43D9-8E9A-2FB88F9458DF}.Release|x64.ActiveCfg = Release|iPhone
		{C1A0A737-218B-43D9-8E9A-2FB88F9458DF}.Release|x86.ActiveCfg = Release|iPhone
		{EB98D469-7B2C-4C96-A05C-18B07225A365}.Ad-Hoc|Any CPU.ActiveCfg = Release|Any CPU
		{EB98D469-7B2C-4C96-A05C-18B07225A365}.Ad-Hoc|Any CPU.Build.0 = Release|Any CPU
		{EB98D469-7B2C-4C96-A05C-18B07225A365}.Ad-Hoc|Any CPU.Deploy.0 = Release|Any CPU
		{EB98D469-7B2C-4C96-A05C-18B07225A365}.Ad-Hoc|ARM.ActiveCfg = Release|ARM
		{EB98D469-7B2C-4C96-A05C-18B07225A365}.Ad-Hoc|ARM.Build.0 = Release|ARM
		{EB98D469-7B2C-4C96-A05C-18B07225A365}.Ad-Hoc|ARM.Deploy.0 = Release|ARM
		{EB98D469-7B2C-4C96-A05C-18B07225A365}.Ad-Hoc|iPhone.ActiveCfg = Release|Any CPU
		{EB98D469-7B2C-4C96-A05C-18B07225A365}.Ad-Hoc|iPhone.Build.0 = Release|Any CPU
		{EB98D469-7B2C-4C96-A05C-18B07225A365}.Ad-Hoc|iPhone.Deploy.0 = Release|Any CPU
		{EB98D469-7B2C-4C96-A05C-18B07225A365}.Ad-Hoc|iPhoneSimulator.ActiveCfg = Release|Any CPU
		{EB98D469-7B2C-4C96-A05C-18B07225A365}.Ad-Hoc|iPhoneSimulator.Build.0 = Release|Any CPU
		{EB98D469-7B2C-4C96-A05C-18B07225A365}.Ad-Hoc|iPhoneSimulator.Deploy.0 = Release|Any CPU
		{EB98D469-7B2C-4C96-A05C-18B07225A365}.Ad-Hoc|x64.ActiveCfg = Release|Any CPU
		{EB98D469-7B2C-4C96-A05C-18B07225A365}.Ad-Hoc|x64.Build.0 = Release|Any CPU
		{EB98D469-7B2C-4C96-A05C-18B07225A365}.Ad-Hoc|x64.Deploy.0 = Release|Any CPU
		{EB98D469-7B2C-4C96-A05C-18B07225A365}.Ad-Hoc|x86.ActiveCfg = Release|x86
		{EB98D469-7B2C-4C96-A05C-18B07225A365}.Ad-Hoc|x86.Build.0 = Release|x86
		{EB98D469-7B2C-4C96-A05C-18B07225A365}.Ad-Hoc|x86.Deploy.0 = Release|x86
		{EB98D469-7B2C-4C96-A05C-18B07225A365}.AppStore|Any CPU.ActiveCfg = Release|Any CPU
		{EB98D469-7B2C-4C96-A05C-18B07225A365}.AppStore|Any CPU.Build.0 = Release|Any CPU
		{EB98D469-7B2C-4C96-A05C-18B07225A365}.AppStore|Any CPU.Deploy.0 = Release|Any CPU
		{EB98D469-7B2C-4C96-A05C-18B07225A365}.AppStore|ARM.ActiveCfg = Release|ARM
		{EB98D469-7B2C-4C96-A05C-18B07225A365}.AppStore|ARM.Build.0 = Release|ARM
		{EB98D469-7B2C-4C96-A05C-18B07225A365}.AppStore|ARM.Deploy.0 = Release|ARM
		{EB98D469-7B2C-4C96-A05C-18B07225A365}.AppStore|iPhone.ActiveCfg = Release|Any CPU
		{EB98D469-7B2C-4C96-A05C-18B07225A365}.AppStore|iPhone.Build.0 = Release|Any CPU
		{EB98D469-7B2C-4C96-A05C-18B07225A365}.AppStore|iPhone.Deploy.0 = Release|Any CPU
		{EB98D469-7B2C-4C96-A05C-18B07225A365}.AppStore|iPhoneSimulator.ActiveCfg = Release|Any CPU
		{EB98D469-7B2C-4C96-A05C-18B07225A365}.AppStore|iPhoneSimulator.Build.0 = Release|Any CPU
		{EB98D469-7B2C-4C96-A05C-18B07225A365}.AppStore|iPhoneSimulator.Deploy.0 = Release|Any CPU
		{EB98D469-7B2C-4C96-A05C-18B07225A365}.AppStore|x64.ActiveCfg = Release|Any CPU
		{EB98D469-7B2C-4C96-A05C-18B07225A365}.AppStore|x64.Build.0 = Release|Any CPU
		{EB98D469-7B2C-4C96-A05C-18B07225A365}.AppStore|x64.Deploy.0 = Release|Any CPU
		{EB98D469-7B2C-4C96-A05C-18B07225A365}.AppStore|x86.ActiveCfg = Release|x86
		{EB98D469-7B2C-4C96-A05C-18B07225A365}.AppStore|x86.Build.0 = Release|x86
		{EB98D469-7B2C-4C96-A05C-18B07225A365}.AppStore|x86.Deploy.0 = Release|x86
		{EB98D469-7B2C-4C96-A05C-18B07225A365}.Debug|Any CPU.ActiveCfg = Debug|Any CPU
		{EB98D469-7B2C-4C96-A05C-18B07225A365}.Debug|Any CPU.Build.0 = Debug|Any CPU
		{EB98D469-7B2C-4C96-A05C-18B07225A365}.Debug|Any CPU.Deploy.0 = Debug|Any CPU
		{EB98D469-7B2C-4C96-A05C-18B07225A365}.Debug|ARM.ActiveCfg = Debug|ARM
		{EB98D469-7B2C-4C96-A05C-18B07225A365}.Debug|ARM.Build.0 = Debug|ARM
		{EB98D469-7B2C-4C96-A05C-18B07225A365}.Debug|ARM.Deploy.0 = Debug|ARM
		{EB98D469-7B2C-4C96-A05C-18B07225A365}.Debug|iPhone.ActiveCfg = Debug|Any CPU
		{EB98D469-7B2C-4C96-A05C-18B07225A365}.Debug|iPhone.Build.0 = Debug|Any CPU
		{EB98D469-7B2C-4C96-A05C-18B07225A365}.Debug|iPhone.Deploy.0 = Debug|Any CPU
		{EB98D469-7B2C-4C96-A05C-18B07225A365}.Debug|iPhoneSimulator.ActiveCfg = Debug|Any CPU
		{EB98D469-7B2C-4C96-A05C-18B07225A365}.Debug|iPhoneSimulator.Build.0 = Debug|Any CPU
		{EB98D469-7B2C-4C96-A05C-18B07225A365}.Debug|iPhoneSimulator.Deploy.0 = Debug|Any CPU
		{EB98D469-7B2C-4C96-A05C-18B07225A365}.Debug|x64.ActiveCfg = Debug|Any CPU
		{EB98D469-7B2C-4C96-A05C-18B07225A365}.Debug|x64.Build.0 = Debug|Any CPU
		{EB98D469-7B2C-4C96-A05C-18B07225A365}.Debug|x64.Deploy.0 = Debug|Any CPU
		{EB98D469-7B2C-4C96-A05C-18B07225A365}.Debug|x86.ActiveCfg = Debug|x86
		{EB98D469-7B2C-4C96-A05C-18B07225A365}.Debug|x86.Build.0 = Debug|x86
		{EB98D469-7B2C-4C96-A05C-18B07225A365}.Debug|x86.Deploy.0 = Debug|x86
		{EB98D469-7B2C-4C96-A05C-18B07225A365}.Release|Any CPU.ActiveCfg = Release|Any CPU
		{EB98D469-7B2C-4C96-A05C-18B07225A365}.Release|Any CPU.Build.0 = Release|Any CPU
		{EB98D469-7B2C-4C96-A05C-18B07225A365}.Release|Any CPU.Deploy.0 = Release|Any CPU
		{EB98D469-7B2C-4C96-A05C-18B07225A365}.Release|ARM.ActiveCfg = Release|ARM
		{EB98D469-7B2C-4C96-A05C-18B07225A365}.Release|ARM.Build.0 = Release|ARM
		{EB98D469-7B2C-4C96-A05C-18B07225A365}.Release|ARM.Deploy.0 = Release|ARM
		{EB98D469-7B2C-4C96-A05C-18B07225A365}.Release|iPhone.ActiveCfg = Release|Any CPU
		{EB98D469-7B2C-4C96-A05C-18B07225A365}.Release|iPhone.Build.0 = Release|Any CPU
		{EB98D469-7B2C-4C96-A05C-18B07225A365}.Release|iPhone.Deploy.0 = Release|Any CPU
		{EB98D469-7B2C-4C96-A05C-18B07225A365}.Release|iPhoneSimulator.ActiveCfg = Release|Any CPU
		{EB98D469-7B2C-4C96-A05C-18B07225A365}.Release|iPhoneSimulator.Build.0 = Release|Any CPU
		{EB98D469-7B2C-4C96-A05C-18B07225A365}.Release|iPhoneSimulator.Deploy.0 = Release|Any CPU
		{EB98D469-7B2C-4C96-A05C-18B07225A365}.Release|x64.ActiveCfg = Release|Any CPU
		{EB98D469-7B2C-4C96-A05C-18B07225A365}.Release|x64.Build.0 = Release|Any CPU
		{EB98D469-7B2C-4C96-A05C-18B07225A365}.Release|x64.Deploy.0 = Release|Any CPU
		{EB98D469-7B2C-4C96-A05C-18B07225A365}.Release|x86.ActiveCfg = Release|x86
		{EB98D469-7B2C-4C96-A05C-18B07225A365}.Release|x86.Build.0 = Release|x86
		{EB98D469-7B2C-4C96-A05C-18B07225A365}.Release|x86.Deploy.0 = Release|x86
		{0E44EE81-D2AA-4DF5-8C53-B55F527A9D80}.Ad-Hoc|Any CPU.ActiveCfg = Release|Any CPU
		{0E44EE81-D2AA-4DF5-8C53-B55F527A9D80}.Ad-Hoc|Any CPU.Build.0 = Release|Any CPU
		{0E44EE81-D2AA-4DF5-8C53-B55F527A9D80}.Ad-Hoc|Any CPU.Deploy.0 = Release|Any CPU
		{0E44EE81-D2AA-4DF5-8C53-B55F527A9D80}.Ad-Hoc|ARM.ActiveCfg = Release|ARM
		{0E44EE81-D2AA-4DF5-8C53-B55F527A9D80}.Ad-Hoc|ARM.Build.0 = Release|ARM
		{0E44EE81-D2AA-4DF5-8C53-B55F527A9D80}.Ad-Hoc|ARM.Deploy.0 = Release|ARM
		{0E44EE81-D2AA-4DF5-8C53-B55F527A9D80}.Ad-Hoc|iPhone.ActiveCfg = Release|Any CPU
		{0E44EE81-D2AA-4DF5-8C53-B55F527A9D80}.Ad-Hoc|iPhone.Build.0 = Release|Any CPU
		{0E44EE81-D2AA-4DF5-8C53-B55F527A9D80}.Ad-Hoc|iPhone.Deploy.0 = Release|Any CPU
		{0E44EE81-D2AA-4DF5-8C53-B55F527A9D80}.Ad-Hoc|iPhoneSimulator.ActiveCfg = Release|Any CPU
		{0E44EE81-D2AA-4DF5-8C53-B55F527A9D80}.Ad-Hoc|iPhoneSimulator.Build.0 = Release|Any CPU
		{0E44EE81-D2AA-4DF5-8C53-B55F527A9D80}.Ad-Hoc|iPhoneSimulator.Deploy.0 = Release|Any CPU
		{0E44EE81-D2AA-4DF5-8C53-B55F527A9D80}.Ad-Hoc|x64.ActiveCfg = Release|x64
		{0E44EE81-D2AA-4DF5-8C53-B55F527A9D80}.Ad-Hoc|x64.Build.0 = Release|x64
		{0E44EE81-D2AA-4DF5-8C53-B55F527A9D80}.Ad-Hoc|x64.Deploy.0 = Release|x64
		{0E44EE81-D2AA-4DF5-8C53-B55F527A9D80}.Ad-Hoc|x86.ActiveCfg = Release|x86
		{0E44EE81-D2AA-4DF5-8C53-B55F527A9D80}.Ad-Hoc|x86.Build.0 = Release|x86
		{0E44EE81-D2AA-4DF5-8C53-B55F527A9D80}.Ad-Hoc|x86.Deploy.0 = Release|x86
		{0E44EE81-D2AA-4DF5-8C53-B55F527A9D80}.AppStore|Any CPU.ActiveCfg = Release|Any CPU
		{0E44EE81-D2AA-4DF5-8C53-B55F527A9D80}.AppStore|Any CPU.Build.0 = Release|Any CPU
		{0E44EE81-D2AA-4DF5-8C53-B55F527A9D80}.AppStore|Any CPU.Deploy.0 = Release|Any CPU
		{0E44EE81-D2AA-4DF5-8C53-B55F527A9D80}.AppStore|ARM.ActiveCfg = Release|ARM
		{0E44EE81-D2AA-4DF5-8C53-B55F527A9D80}.AppStore|ARM.Build.0 = Release|ARM
		{0E44EE81-D2AA-4DF5-8C53-B55F527A9D80}.AppStore|ARM.Deploy.0 = Release|ARM
		{0E44EE81-D2AA-4DF5-8C53-B55F527A9D80}.AppStore|iPhone.ActiveCfg = Release|Any CPU
		{0E44EE81-D2AA-4DF5-8C53-B55F527A9D80}.AppStore|iPhone.Build.0 = Release|Any CPU
		{0E44EE81-D2AA-4DF5-8C53-B55F527A9D80}.AppStore|iPhone.Deploy.0 = Release|Any CPU
		{0E44EE81-D2AA-4DF5-8C53-B55F527A9D80}.AppStore|iPhoneSimulator.ActiveCfg = Release|Any CPU
		{0E44EE81-D2AA-4DF5-8C53-B55F527A9D80}.AppStore|iPhoneSimulator.Build.0 = Release|Any CPU
		{0E44EE81-D2AA-4DF5-8C53-B55F527A9D80}.AppStore|iPhoneSimulator.Deploy.0 = Release|Any CPU
		{0E44EE81-D2AA-4DF5-8C53-B55F527A9D80}.AppStore|x64.ActiveCfg = Release|x64
		{0E44EE81-D2AA-4DF5-8C53-B55F527A9D80}.AppStore|x64.Build.0 = Release|x64
		{0E44EE81-D2AA-4DF5-8C53-B55F527A9D80}.AppStore|x64.Deploy.0 = Release|x64
		{0E44EE81-D2AA-4DF5-8C53-B55F527A9D80}.AppStore|x86.ActiveCfg = Release|x86
		{0E44EE81-D2AA-4DF5-8C53-B55F527A9D80}.AppStore|x86.Build.0 = Release|x86
		{0E44EE81-D2AA-4DF5-8C53-B55F527A9D80}.AppStore|x86.Deploy.0 = Release|x86
		{0E44EE81-D2AA-4DF5-8C53-B55F527A9D80}.Debug|Any CPU.ActiveCfg = Debug|Any CPU
		{0E44EE81-D2AA-4DF5-8C53-B55F527A9D80}.Debug|Any CPU.Build.0 = Debug|Any CPU
		{0E44EE81-D2AA-4DF5-8C53-B55F527A9D80}.Debug|Any CPU.Deploy.0 = Debug|Any CPU
		{0E44EE81-D2AA-4DF5-8C53-B55F527A9D80}.Debug|ARM.ActiveCfg = Debug|ARM
		{0E44EE81-D2AA-4DF5-8C53-B55F527A9D80}.Debug|ARM.Build.0 = Debug|ARM
		{0E44EE81-D2AA-4DF5-8C53-B55F527A9D80}.Debug|ARM.Deploy.0 = Debug|ARM
		{0E44EE81-D2AA-4DF5-8C53-B55F527A9D80}.Debug|iPhone.ActiveCfg = Debug|Any CPU
		{0E44EE81-D2AA-4DF5-8C53-B55F527A9D80}.Debug|iPhone.Build.0 = Debug|Any CPU
		{0E44EE81-D2AA-4DF5-8C53-B55F527A9D80}.Debug|iPhone.Deploy.0 = Debug|Any CPU
		{0E44EE81-D2AA-4DF5-8C53-B55F527A9D80}.Debug|iPhoneSimulator.ActiveCfg = Debug|Any CPU
		{0E44EE81-D2AA-4DF5-8C53-B55F527A9D80}.Debug|iPhoneSimulator.Build.0 = Debug|Any CPU
		{0E44EE81-D2AA-4DF5-8C53-B55F527A9D80}.Debug|iPhoneSimulator.Deploy.0 = Debug|Any CPU
		{0E44EE81-D2AA-4DF5-8C53-B55F527A9D80}.Debug|x64.ActiveCfg = Debug|x64
		{0E44EE81-D2AA-4DF5-8C53-B55F527A9D80}.Debug|x64.Build.0 = Debug|x64
		{0E44EE81-D2AA-4DF5-8C53-B55F527A9D80}.Debug|x64.Deploy.0 = Debug|x64
		{0E44EE81-D2AA-4DF5-8C53-B55F527A9D80}.Debug|x86.ActiveCfg = Debug|x86
		{0E44EE81-D2AA-4DF5-8C53-B55F527A9D80}.Debug|x86.Build.0 = Debug|x86
		{0E44EE81-D2AA-4DF5-8C53-B55F527A9D80}.Debug|x86.Deploy.0 = Debug|x86
		{0E44EE81-D2AA-4DF5-8C53-B55F527A9D80}.Release|Any CPU.ActiveCfg = Release|Any CPU
		{0E44EE81-D2AA-4DF5-8C53-B55F527A9D80}.Release|Any CPU.Build.0 = Release|Any CPU
		{0E44EE81-D2AA-4DF5-8C53-B55F527A9D80}.Release|Any CPU.Deploy.0 = Release|Any CPU
		{0E44EE81-D2AA-4DF5-8C53-B55F527A9D80}.Release|ARM.ActiveCfg = Release|ARM
		{0E44EE81-D2AA-4DF5-8C53-B55F527A9D80}.Release|ARM.Build.0 = Release|ARM
		{0E44EE81-D2AA-4DF5-8C53-B55F527A9D80}.Release|ARM.Deploy.0 = Release|ARM
		{0E44EE81-D2AA-4DF5-8C53-B55F527A9D80}.Release|iPhone.ActiveCfg = Release|Any CPU
		{0E44EE81-D2AA-4DF5-8C53-B55F527A9D80}.Release|iPhone.Build.0 = Release|Any CPU
		{0E44EE81-D2AA-4DF5-8C53-B55F527A9D80}.Release|iPhone.Deploy.0 = Release|Any CPU
		{0E44EE81-D2AA-4DF5-8C53-B55F527A9D80}.Release|iPhoneSimulator.ActiveCfg = Release|Any CPU
		{0E44EE81-D2AA-4DF5-8C53-B55F527A9D80}.Release|iPhoneSimulator.Build.0 = Release|Any CPU
		{0E44EE81-D2AA-4DF5-8C53-B55F527A9D80}.Release|iPhoneSimulator.Deploy.0 = Release|Any CPU
		{0E44EE81-D2AA-4DF5-8C53-B55F527A9D80}.Release|x64.ActiveCfg = Release|x64
		{0E44EE81-D2AA-4DF5-8C53-B55F527A9D80}.Release|x64.Build.0 = Release|x64
		{0E44EE81-D2AA-4DF5-8C53-B55F527A9D80}.Release|x64.Deploy.0 = Release|x64
		{0E44EE81-D2AA-4DF5-8C53-B55F527A9D80}.Release|x86.ActiveCfg = Release|x86
		{0E44EE81-D2AA-4DF5-8C53-B55F527A9D80}.Release|x86.Build.0 = Release|x86
		{0E44EE81-D2AA-4DF5-8C53-B55F527A9D80}.Release|x86.Deploy.0 = Release|x86
		{B76A318E-F3F1-40AF-B68C-92412486361D}.Ad-Hoc|Any CPU.ActiveCfg = Release|Any CPU
		{B76A318E-F3F1-40AF-B68C-92412486361D}.Ad-Hoc|Any CPU.Build.0 = Release|Any CPU
		{B76A318E-F3F1-40AF-B68C-92412486361D}.Ad-Hoc|ARM.ActiveCfg = Release|Any CPU
		{B76A318E-F3F1-40AF-B68C-92412486361D}.Ad-Hoc|ARM.Build.0 = Release|Any CPU
		{B76A318E-F3F1-40AF-B68C-92412486361D}.Ad-Hoc|iPhone.ActiveCfg = Release|Any CPU
		{B76A318E-F3F1-40AF-B68C-92412486361D}.Ad-Hoc|iPhone.Build.0 = Release|Any CPU
		{B76A318E-F3F1-40AF-B68C-92412486361D}.Ad-Hoc|iPhoneSimulator.ActiveCfg = Release|Any CPU
		{B76A318E-F3F1-40AF-B68C-92412486361D}.Ad-Hoc|iPhoneSimulator.Build.0 = Release|Any CPU
		{B76A318E-F3F1-40AF-B68C-92412486361D}.Ad-Hoc|x64.ActiveCfg = Release|Any CPU
		{B76A318E-F3F1-40AF-B68C-92412486361D}.Ad-Hoc|x64.Build.0 = Release|Any CPU
		{B76A318E-F3F1-40AF-B68C-92412486361D}.Ad-Hoc|x86.ActiveCfg = Release|Any CPU
		{B76A318E-F3F1-40AF-B68C-92412486361D}.Ad-Hoc|x86.Build.0 = Release|Any CPU
		{B76A318E-F3F1-40AF-B68C-92412486361D}.AppStore|Any CPU.ActiveCfg = Release|Any CPU
		{B76A318E-F3F1-40AF-B68C-92412486361D}.AppStore|Any CPU.Build.0 = Release|Any CPU
		{B76A318E-F3F1-40AF-B68C-92412486361D}.AppStore|ARM.ActiveCfg = Release|Any CPU
		{B76A318E-F3F1-40AF-B68C-92412486361D}.AppStore|ARM.Build.0 = Release|Any CPU
		{B76A318E-F3F1-40AF-B68C-92412486361D}.AppStore|iPhone.ActiveCfg = Release|Any CPU
		{B76A318E-F3F1-40AF-B68C-92412486361D}.AppStore|iPhone.Build.0 = Release|Any CPU
		{B76A318E-F3F1-40AF-B68C-92412486361D}.AppStore|iPhoneSimulator.ActiveCfg = Release|Any CPU
		{B76A318E-F3F1-40AF-B68C-92412486361D}.AppStore|iPhoneSimulator.Build.0 = Release|Any CPU
		{B76A318E-F3F1-40AF-B68C-92412486361D}.AppStore|x64.ActiveCfg = Release|Any CPU
		{B76A318E-F3F1-40AF-B68C-92412486361D}.AppStore|x64.Build.0 = Release|Any CPU
		{B76A318E-F3F1-40AF-B68C-92412486361D}.AppStore|x86.ActiveCfg = Release|Any CPU
		{B76A318E-F3F1-40AF-B68C-92412486361D}.AppStore|x86.Build.0 = Release|Any CPU
		{B76A318E-F3F1-40AF-B68C-92412486361D}.Debug|Any CPU.ActiveCfg = Debug|Any CPU
		{B76A318E-F3F1-40AF-B68C-92412486361D}.Debug|Any CPU.Build.0 = Debug|Any CPU
		{B76A318E-F3F1-40AF-B68C-92412486361D}.Debug|ARM.ActiveCfg = Debug|Any CPU
		{B76A318E-F3F1-40AF-B68C-92412486361D}.Debug|ARM.Build.0 = Debug|Any CPU
		{B76A318E-F3F1-40AF-B68C-92412486361D}.Debug|iPhone.ActiveCfg = Debug|Any CPU
		{B76A318E-F3F1-40AF-B68C-92412486361D}.Debug|iPhone.Build.0 = Debug|Any CPU
		{B76A318E-F3F1-40AF-B68C-92412486361D}.Debug|iPhoneSimulator.ActiveCfg = Debug|Any CPU
		{B76A318E-F3F1-40AF-B68C-92412486361D}.Debug|iPhoneSimulator.Build.0 = Debug|Any CPU
		{B76A318E-F3F1-40AF-B68C-92412486361D}.Debug|x64.ActiveCfg = Debug|Any CPU
		{B76A318E-F3F1-40AF-B68C-92412486361D}.Debug|x64.Build.0 = Debug|Any CPU
		{B76A318E-F3F1-40AF-B68C-92412486361D}.Debug|x86.ActiveCfg = Debug|Any CPU
		{B76A318E-F3F1-40AF-B68C-92412486361D}.Debug|x86.Build.0 = Debug|Any CPU
		{B76A318E-F3F1-40AF-B68C-92412486361D}.Release|Any CPU.ActiveCfg = Release|Any CPU
		{B76A318E-F3F1-40AF-B68C-92412486361D}.Release|Any CPU.Build.0 = Release|Any CPU
		{B76A318E-F3F1-40AF-B68C-92412486361D}.Release|ARM.ActiveCfg = Release|Any CPU
		{B76A318E-F3F1-40AF-B68C-92412486361D}.Release|ARM.Build.0 = Release|Any CPU
		{B76A318E-F3F1-40AF-B68C-92412486361D}.Release|iPhone.ActiveCfg = Release|Any CPU
		{B76A318E-F3F1-40AF-B68C-92412486361D}.Release|iPhone.Build.0 = Release|Any CPU
		{B76A318E-F3F1-40AF-B68C-92412486361D}.Release|iPhoneSimulator.ActiveCfg = Release|Any CPU
		{B76A318E-F3F1-40AF-B68C-92412486361D}.Release|iPhoneSimulator.Build.0 = Release|Any CPU
		{B76A318E-F3F1-40AF-B68C-92412486361D}.Release|x64.ActiveCfg = Release|Any CPU
		{B76A318E-F3F1-40AF-B68C-92412486361D}.Release|x64.Build.0 = Release|Any CPU
		{B76A318E-F3F1-40AF-B68C-92412486361D}.Release|x86.ActiveCfg = Release|Any CPU
		{B76A318E-F3F1-40AF-B68C-92412486361D}.Release|x86.Build.0 = Release|Any CPU
	EndGlobalSection
	GlobalSection(SolutionProperties) = preSolution
		HideSolutionNode = FALSE
	EndGlobalSection
EndGlobal
